
Microsoft Visual Studio Solution File, Format Version 12.00
# Visual Studio 15
VisualStudioVersion = 15.0.27428.2043
MinimumVisualStudioVersion = 10.0.40219.1
Project("{FAE04EC0-301F-11D3-BF4B-00C04F79EFBC}") = "BudgetTracker.Android", "BudgetTracker\BudgetTracker.Android\BudgetTracker.Android.csproj", "{7513821F-F314-412A-B1F5-2FB497C1BB85}"
EndProject
Project("{FAE04EC0-301F-11D3-BF4B-00C04F79EFBC}") = "BudgetTracker.iOS", "BudgetTracker\BudgetTracker.iOS\BudgetTracker.iOS.csproj", "{26B5AC63-02F3-4976-BB2F-2E93ABE4B54F}"
EndProject
Project("{FAE04EC0-301F-11D3-BF4B-00C04F79EFBC}") = "BudgetTracker.UWP", "BudgetTracker\BudgetTracker.UWP\BudgetTracker.UWP.csproj", "{3C2D2D2F-44F6-4E47-AE1F-3E0DE4C3E1D5}"
EndProject
Project("{FAE04EC0-301F-11D3-BF4B-00C04F79EFBC}") = "BudgetTracker", "BudgetTracker\BudgetTracker\BudgetTracker.csproj", "{7B416CA7-D003-48DC-B64E-FEEC06D990D3}"
EndProject
Global
	GlobalSection(SolutionConfigurationPlatforms) = preSolution
		Ad-Hoc|Any CPU = Ad-Hoc|Any CPU
		Ad-Hoc|ARM = Ad-Hoc|ARM
		Ad-Hoc|iPhone = Ad-Hoc|iPhone
		Ad-Hoc|iPhoneSimulator = Ad-Hoc|iPhoneSimulator
		Ad-Hoc|x64 = Ad-Hoc|x64
		Ad-Hoc|x86 = Ad-Hoc|x86
		AppStore|Any CPU = AppStore|Any CPU
		AppStore|ARM = AppStore|ARM
		AppStore|iPhone = AppStore|iPhone
		AppStore|iPhoneSimulator = AppStore|iPhoneSimulator
		AppStore|x64 = AppStore|x64
		AppStore|x86 = AppStore|x86
		Debug|Any CPU = Debug|Any CPU
		Debug|ARM = Debug|ARM
		Debug|iPhone = Debug|iPhone
		Debug|iPhoneSimulator = Debug|iPhoneSimulator
		Debug|x64 = Debug|x64
		Debug|x86 = Debug|x86
		Release|Any CPU = Release|Any CPU
		Release|ARM = Release|ARM
		Release|iPhone = Release|iPhone
		Release|iPhoneSimulator = Release|iPhoneSimulator
		Release|x64 = Release|x64
		Release|x86 = Release|x86
	EndGlobalSection
	GlobalSection(ProjectConfigurationPlatforms) = postSolution
		{7513821F-F314-412A-B1F5-2FB497C1BB85}.Ad-Hoc|Any CPU.ActiveCfg = Release|Any CPU
		{7513821F-F314-412A-B1F5-2FB497C1BB85}.Ad-Hoc|Any CPU.Build.0 = Release|Any CPU
		{7513821F-F314-412A-B1F5-2FB497C1BB85}.Ad-Hoc|Any CPU.Deploy.0 = Release|Any CPU
		{7513821F-F314-412A-B1F5-2FB497C1BB85}.Ad-Hoc|ARM.ActiveCfg = Release|Any CPU
		{7513821F-F314-412A-B1F5-2FB497C1BB85}.Ad-Hoc|ARM.Build.0 = Release|Any CPU
		{7513821F-F314-412A-B1F5-2FB497C1BB85}.Ad-Hoc|ARM.Deploy.0 = Release|Any CPU
		{7513821F-F314-412A-B1F5-2FB497C1BB85}.Ad-Hoc|iPhone.ActiveCfg = Release|Any CPU
		{7513821F-F314-412A-B1F5-2FB497C1BB85}.Ad-Hoc|iPhone.Build.0 = Release|Any CPU
		{7513821F-F314-412A-B1F5-2FB497C1BB85}.Ad-Hoc|iPhone.Deploy.0 = Release|Any CPU
		{7513821F-F314-412A-B1F5-2FB497C1BB85}.Ad-Hoc|iPhoneSimulator.ActiveCfg = Release|Any CPU
		{7513821F-F314-412A-B1F5-2FB497C1BB85}.Ad-Hoc|iPhoneSimulator.Build.0 = Release|Any CPU
		{7513821F-F314-412A-B1F5-2FB497C1BB85}.Ad-Hoc|iPhoneSimulator.Deploy.0 = Release|Any CPU
		{7513821F-F314-412A-B1F5-2FB497C1BB85}.Ad-Hoc|x64.ActiveCfg = Release|Any CPU
		{7513821F-F314-412A-B1F5-2FB497C1BB85}.Ad-Hoc|x64.Build.0 = Release|Any CPU
		{7513821F-F314-412A-B1F5-2FB497C1BB85}.Ad-Hoc|x64.Deploy.0 = Release|Any CPU
		{7513821F-F314-412A-B1F5-2FB497C1BB85}.Ad-Hoc|x86.ActiveCfg = Release|Any CPU
		{7513821F-F314-412A-B1F5-2FB497C1BB85}.Ad-Hoc|x86.Build.0 = Release|Any CPU
		{7513821F-F314-412A-B1F5-2FB497C1BB85}.Ad-Hoc|x86.Deploy.0 = Release|Any CPU
		{7513821F-F314-412A-B1F5-2FB497C1BB85}.AppStore|Any CPU.ActiveCfg = Release|Any CPU
		{7513821F-F314-412A-B1F5-2FB497C1BB85}.AppStore|Any CPU.Build.0 = Release|Any CPU
		{7513821F-F314-412A-B1F5-2FB497C1BB85}.AppStore|Any CPU.Deploy.0 = Release|Any CPU
		{7513821F-F314-412A-B1F5-2FB497C1BB85}.AppStore|ARM.ActiveCfg = Release|Any CPU
		{7513821F-F314-412A-B1F5-2FB497C1BB85}.AppStore|ARM.Build.0 = Release|Any CPU
		{7513821F-F314-412A-B1F5-2FB497C1BB85}.AppStore|ARM.Deploy.0 = Release|Any CPU
		{7513821F-F314-412A-B1F5-2FB497C1BB85}.AppStore|iPhone.ActiveCfg = Release|Any CPU
		{7513821F-F314-412A-B1F5-2FB497C1BB85}.AppStore|iPhone.Build.0 = Release|Any CPU
		{7513821F-F314-412A-B1F5-2FB497C1BB85}.AppStore|iPhone.Deploy.0 = Release|Any CPU
		{7513821F-F314-412A-B1F5-2FB497C1BB85}.AppStore|iPhoneSimulator.ActiveCfg = Release|Any CPU
		{7513821F-F314-412A-B1F5-2FB497C1BB85}.AppStore|iPhoneSimulator.Build.0 = Release|Any CPU
		{7513821F-F314-412A-B1F5-2FB497C1BB85}.AppStore|iPhoneSimulator.Deploy.0 = Release|Any CPU
		{7513821F-F314-412A-B1F5-2FB497C1BB85}.AppStore|x64.ActiveCfg = Release|Any CPU
		{7513821F-F314-412A-B1F5-2FB497C1BB85}.AppStore|x64.Build.0 = Release|Any CPU
		{7513821F-F314-412A-B1F5-2FB497C1BB85}.AppStore|x64.Deploy.0 = Release|Any CPU
		{7513821F-F314-412A-B1F5-2FB497C1BB85}.AppStore|x86.ActiveCfg = Release|Any CPU
		{7513821F-F314-412A-B1F5-2FB497C1BB85}.AppStore|x86.Build.0 = Release|Any CPU
		{7513821F-F314-412A-B1F5-2FB497C1BB85}.AppStore|x86.Deploy.0 = Release|Any CPU
		{7513821F-F314-412A-B1F5-2FB497C1BB85}.Debug|Any CPU.ActiveCfg = Debug|Any CPU
		{7513821F-F314-412A-B1F5-2FB497C1BB85}.Debug|Any CPU.Build.0 = Debug|Any CPU
		{7513821F-F314-412A-B1F5-2FB497C1BB85}.Debug|Any CPU.Deploy.0 = Debug|Any CPU
		{7513821F-F314-412A-B1F5-2FB497C1BB85}.Debug|ARM.ActiveCfg = Debug|Any CPU
		{7513821F-F314-412A-B1F5-2FB497C1BB85}.Debug|ARM.Build.0 = Debug|Any CPU
		{7513821F-F314-412A-B1F5-2FB497C1BB85}.Debug|ARM.Deploy.0 = Debug|Any CPU
		{7513821F-F314-412A-B1F5-2FB497C1BB85}.Debug|iPhone.ActiveCfg = Debug|Any CPU
		{7513821F-F314-412A-B1F5-2FB497C1BB85}.Debug|iPhone.Build.0 = Debug|Any CPU
		{7513821F-F314-412A-B1F5-2FB497C1BB85}.Debug|iPhone.Deploy.0 = Debug|Any CPU
		{7513821F-F314-412A-B1F5-2FB497C1BB85}.Debug|iPhoneSimulator.ActiveCfg = Debug|Any CPU
		{7513821F-F314-412A-B1F5-2FB497C1BB85}.Debug|iPhoneSimulator.Build.0 = Debug|Any CPU
		{7513821F-F314-412A-B1F5-2FB497C1BB85}.Debug|iPhoneSimulator.Deploy.0 = Debug|Any CPU
		{7513821F-F314-412A-B1F5-2FB497C1BB85}.Debug|x64.ActiveCfg = Debug|Any CPU
		{7513821F-F314-412A-B1F5-2FB497C1BB85}.Debug|x64.Build.0 = Debug|Any CPU
		{7513821F-F314-412A-B1F5-2FB497C1BB85}.Debug|x64.Deploy.0 = Debug|Any CPU
		{7513821F-F314-412A-B1F5-2FB497C1BB85}.Debug|x86.ActiveCfg = Debug|Any CPU
		{7513821F-F314-412A-B1F5-2FB497C1BB85}.Debug|x86.Build.0 = Debug|Any CPU
		{7513821F-F314-412A-B1F5-2FB497C1BB85}.Debug|x86.Deploy.0 = Debug|Any CPU
		{7513821F-F314-412A-B1F5-2FB497C1BB85}.Release|Any CPU.ActiveCfg = Release|Any CPU
		{7513821F-F314-412A-B1F5-2FB497C1BB85}.Release|Any CPU.Build.0 = Release|Any CPU
		{7513821F-F314-412A-B1F5-2FB497C1BB85}.Release|Any CPU.Deploy.0 = Release|Any CPU
		{7513821F-F314-412A-B1F5-2FB497C1BB85}.Release|ARM.ActiveCfg = Release|Any CPU
		{7513821F-F314-412A-B1F5-2FB497C1BB85}.Release|ARM.Build.0 = Release|Any CPU
		{7513821F-F314-412A-B1F5-2FB497C1BB85}.Release|ARM.Deploy.0 = Release|Any CPU
		{7513821F-F314-412A-B1F5-2FB497C1BB85}.Release|iPhone.ActiveCfg = Release|Any CPU
		{7513821F-F314-412A-B1F5-2FB497C1BB85}.Release|iPhone.Build.0 = Release|Any CPU
		{7513821F-F314-412A-B1F5-2FB497C1BB85}.Release|iPhone.Deploy.0 = Release|Any CPU
		{7513821F-F314-412A-B1F5-2FB497C1BB85}.Release|iPhoneSimulator.ActiveCfg = Release|Any CPU
		{7513821F-F314-412A-B1F5-2FB497C1BB85}.Release|iPhoneSimulator.Build.0 = Release|Any CPU
		{7513821F-F314-412A-B1F5-2FB497C1BB85}.Release|iPhoneSimulator.Deploy.0 = Release|Any CPU
		{7513821F-F314-412A-B1F5-2FB497C1BB85}.Release|x64.ActiveCfg = Release|Any CPU
		{7513821F-F314-412A-B1F5-2FB497C1BB85}.Release|x64.Build.0 = Release|Any CPU
		{7513821F-F314-412A-B1F5-2FB497C1BB85}.Release|x64.Deploy.0 = Release|Any CPU
		{7513821F-F314-412A-B1F5-2FB497C1BB85}.Release|x86.ActiveCfg = Release|Any CPU
		{7513821F-F314-412A-B1F5-2FB497C1BB85}.Release|x86.Build.0 = Release|Any CPU
		{7513821F-F314-412A-B1F5-2FB497C1BB85}.Release|x86.Deploy.0 = Release|Any CPU
		{26B5AC63-02F3-4976-BB2F-2E93ABE4B54F}.Ad-Hoc|Any CPU.ActiveCfg = Ad-Hoc|iPhone
		{26B5AC63-02F3-4976-BB2F-2E93ABE4B54F}.Ad-Hoc|ARM.ActiveCfg = Ad-Hoc|iPhone
		{26B5AC63-02F3-4976-BB2F-2E93ABE4B54F}.Ad-Hoc|iPhone.ActiveCfg = Ad-Hoc|iPhone
		{26B5AC63-02F3-4976-BB2F-2E93ABE4B54F}.Ad-Hoc|iPhone.Build.0 = Ad-Hoc|iPhone
		{26B5AC63-02F3-4976-BB2F-2E93ABE4B54F}.Ad-Hoc|iPhoneSimulator.ActiveCfg = Ad-Hoc|iPhoneSimulator
		{26B5AC63-02F3-4976-BB2F-2E93ABE4B54F}.Ad-Hoc|iPhoneSimulator.Build.0 = Ad-Hoc|iPhoneSimulator
		{26B5AC63-02F3-4976-BB2F-2E93ABE4B54F}.Ad-Hoc|x64.ActiveCfg = Ad-Hoc|iPhone
		{26B5AC63-02F3-4976-BB2F-2E93ABE4B54F}.Ad-Hoc|x86.ActiveCfg = Ad-Hoc|iPhone
		{26B5AC63-02F3-4976-BB2F-2E93ABE4B54F}.AppStore|Any CPU.ActiveCfg = AppStore|iPhone
		{26B5AC63-02F3-4976-BB2F-2E93ABE4B54F}.AppStore|ARM.ActiveCfg = AppStore|iPhone
		{26B5AC63-02F3-4976-BB2F-2E93ABE4B54F}.AppStore|iPhone.ActiveCfg = AppStore|iPhone
		{26B5AC63-02F3-4976-BB2F-2E93ABE4B54F}.AppStore|iPhone.Build.0 = AppStore|iPhone
		{26B5AC63-02F3-4976-BB2F-2E93ABE4B54F}.AppStore|iPhoneSimulator.ActiveCfg = AppStore|iPhoneSimulator
		{26B5AC63-02F3-4976-BB2F-2E93ABE4B54F}.AppStore|iPhoneSimulator.Build.0 = AppStore|iPhoneSimulator
		{26B5AC63-02F3-4976-BB2F-2E93ABE4B54F}.AppStore|x64.ActiveCfg = AppStore|iPhone
		{26B5AC63-02F3-4976-BB2F-2E93ABE4B54F}.AppStore|x86.ActiveCfg = AppStore|iPhone
		{26B5AC63-02F3-4976-BB2F-2E93ABE4B54F}.Debug|Any CPU.ActiveCfg = Debug|iPhone
		{26B5AC63-02F3-4976-BB2F-2E93ABE4B54F}.Debug|ARM.ActiveCfg = Debug|iPhone
		{26B5AC63-02F3-4976-BB2F-2E93ABE4B54F}.Debug|iPhone.ActiveCfg = Debug|iPhone
		{26B5AC63-02F3-4976-BB2F-2E93ABE4B54F}.Debug|iPhone.Build.0 = Debug|iPhone
		{26B5AC63-02F3-4976-BB2F-2E93ABE4B54F}.Debug|iPhoneSimulator.ActiveCfg = Debug|iPhoneSimulator
		{26B5AC63-02F3-4976-BB2F-2E93ABE4B54F}.Debug|iPhoneSimulator.Build.0 = Debug|iPhoneSimulator
		{26B5AC63-02F3-4976-BB2F-2E93ABE4B54F}.Debug|x64.ActiveCfg = Debug|iPhone
		{26B5AC63-02F3-4976-BB2F-2E93ABE4B54F}.Debug|x86.ActiveCfg = Debug|iPhone
		{26B5AC63-02F3-4976-BB2F-2E93ABE4B54F}.Release|Any CPU.ActiveCfg = Release|iPhone
		{26B5AC63-02F3-4976-BB2F-2E93ABE4B54F}.Release|ARM.ActiveCfg = Release|iPhone
		{26B5AC63-02F3-4976-BB2F-2E93ABE4B54F}.Release|iPhone.ActiveCfg = Release|iPhone
		{26B5AC63-02F3-4976-BB2F-2E93ABE4B54F}.Release|iPhone.Build.0 = Release|iPhone
		{26B5AC63-02F3-4976-BB2F-2E93ABE4B54F}.Release|iPhoneSimulator.ActiveCfg = Release|iPhoneSimulator
		{26B5AC63-02F3-4976-BB2F-2E93ABE4B54F}.Release|iPhoneSimulator.Build.0 = Release|iPhoneSimulator
		{26B5AC63-02F3-4976-BB2F-2E93ABE4B54F}.Release|x64.ActiveCfg = Release|iPhone
		{26B5AC63-02F3-4976-BB2F-2E93ABE4B54F}.Release|x86.ActiveCfg = Release|iPhone
		{3C2D2D2F-44F6-4E47-AE1F-3E0DE4C3E1D5}.Ad-Hoc|Any CPU.ActiveCfg = Release|x86
		{3C2D2D2F-44F6-4E47-AE1F-3E0DE4C3E1D5}.Ad-Hoc|Any CPU.Build.0 = Release|x86
		{3C2D2D2F-44F6-4E47-AE1F-3E0DE4C3E1D5}.Ad-Hoc|Any CPU.Deploy.0 = Release|x86
		{3C2D2D2F-44F6-4E47-AE1F-3E0DE4C3E1D5}.Ad-Hoc|ARM.ActiveCfg = Release|ARM
		{3C2D2D2F-44F6-4E47-AE1F-3E0DE4C3E1D5}.Ad-Hoc|ARM.Build.0 = Release|ARM
		{3C2D2D2F-44F6-4E47-AE1F-3E0DE4C3E1D5}.Ad-Hoc|ARM.Deploy.0 = Release|ARM
		{3C2D2D2F-44F6-4E47-AE1F-3E0DE4C3E1D5}.Ad-Hoc|iPhone.ActiveCfg = Release|x86
		{3C2D2D2F-44F6-4E47-AE1F-3E0DE4C3E1D5}.Ad-Hoc|iPhone.Build.0 = Release|x86
		{3C2D2D2F-44F6-4E47-AE1F-3E0DE4C3E1D5}.Ad-Hoc|iPhone.Deploy.0 = Release|x86
		{3C2D2D2F-44F6-4E47-AE1F-3E0DE4C3E1D5}.Ad-Hoc|iPhoneSimulator.ActiveCfg = Release|x86
		{3C2D2D2F-44F6-4E47-AE1F-3E0DE4C3E1D5}.Ad-Hoc|iPhoneSimulator.Build.0 = Release|x86
		{3C2D2D2F-44F6-4E47-AE1F-3E0DE4C3E1D5}.Ad-Hoc|iPhoneSimulator.Deploy.0 = Release|x86
		{3C2D2D2F-44F6-4E47-AE1F-3E0DE4C3E1D5}.Ad-Hoc|x64.ActiveCfg = Release|x64
		{3C2D2D2F-44F6-4E47-AE1F-3E0DE4C3E1D5}.Ad-Hoc|x64.Build.0 = Release|x64
		{3C2D2D2F-44F6-4E47-AE1F-3E0DE4C3E1D5}.Ad-Hoc|x64.Deploy.0 = Release|x64
		{3C2D2D2F-44F6-4E47-AE1F-3E0DE4C3E1D5}.Ad-Hoc|x86.ActiveCfg = Release|x86
		{3C2D2D2F-44F6-4E47-AE1F-3E0DE4C3E1D5}.Ad-Hoc|x86.Build.0 = Release|x86
		{3C2D2D2F-44F6-4E47-AE1F-3E0DE4C3E1D5}.Ad-Hoc|x86.Deploy.0 = Release|x86
		{3C2D2D2F-44F6-4E47-AE1F-3E0DE4C3E1D5}.AppStore|Any CPU.ActiveCfg = Release|x86
		{3C2D2D2F-44F6-4E47-AE1F-3E0DE4C3E1D5}.AppStore|Any CPU.Build.0 = Release|x86
		{3C2D2D2F-44F6-4E47-AE1F-3E0DE4C3E1D5}.AppStore|Any CPU.Deploy.0 = Release|x86
		{3C2D2D2F-44F6-4E47-AE1F-3E0DE4C3E1D5}.AppStore|ARM.ActiveCfg = Release|ARM
		{3C2D2D2F-44F6-4E47-AE1F-3E0DE4C3E1D5}.AppStore|ARM.Build.0 = Release|ARM
		{3C2D2D2F-44F6-4E47-AE1F-3E0DE4C3E1D5}.AppStore|ARM.Deploy.0 = Release|ARM
		{3C2D2D2F-44F6-4E47-AE1F-3E0DE4C3E1D5}.AppStore|iPhone.ActiveCfg = Release|x86
		{3C2D2D2F-44F6-4E47-AE1F-3E0DE4C3E1D5}.AppStore|iPhone.Build.0 = Release|x86
		{3C2D2D2F-44F6-4E47-AE1F-3E0DE4C3E1D5}.AppStore|iPhone.Deploy.0 = Release|x86
		{3C2D2D2F-44F6-4E47-AE1F-3E0DE4C3E1D5}.AppStore|iPhoneSimulator.ActiveCfg = Release|x86
		{3C2D2D2F-44F6-4E47-AE1F-3E0DE4C3E1D5}.AppStore|iPhoneSimulator.Build.0 = Release|x86
		{3C2D2D2F-44F6-4E47-AE1F-3E0DE4C3E1D5}.AppStore|iPhoneSimulator.Deploy.0 = Release|x86
		{3C2D2D2F-44F6-4E47-AE1F-3E0DE4C3E1D5}.AppStore|x64.ActiveCfg = Release|x64
		{3C2D2D2F-44F6-4E47-AE1F-3E0DE4C3E1D5}.AppStore|x64.Build.0 = Release|x64
		{3C2D2D2F-44F6-4E47-AE1F-3E0DE4C3E1D5}.AppStore|x64.Deploy.0 = Release|x64
		{3C2D2D2F-44F6-4E47-AE1F-3E0DE4C3E1D5}.AppStore|x86.ActiveCfg = Release|x86
		{3C2D2D2F-44F6-4E47-AE1F-3E0DE4C3E1D5}.AppStore|x86.Build.0 = Release|x86
		{3C2D2D2F-44F6-4E47-AE1F-3E0DE4C3E1D5}.AppStore|x86.Deploy.0 = Release|x86
		{3C2D2D2F-44F6-4E47-AE1F-3E0DE4C3E1D5}.Debug|Any CPU.ActiveCfg = Debug|x86
		{3C2D2D2F-44F6-4E47-AE1F-3E0DE4C3E1D5}.Debug|ARM.ActiveCfg = Debug|ARM
		{3C2D2D2F-44F6-4E47-AE1F-3E0DE4C3E1D5}.Debug|ARM.Build.0 = Debug|ARM
		{3C2D2D2F-44F6-4E47-AE1F-3E0DE4C3E1D5}.Debug|ARM.Deploy.0 = Debug|ARM
		{3C2D2D2F-44F6-4E47-AE1F-3E0DE4C3E1D5}.Debug|iPhone.ActiveCfg = Debug|x86
		{3C2D2D2F-44F6-4E47-AE1F-3E0DE4C3E1D5}.Debug|iPhoneSimulator.ActiveCfg = Debug|x86
		{3C2D2D2F-44F6-4E47-AE1F-3E0DE4C3E1D5}.Debug|x64.ActiveCfg = Debug|x64
		{3C2D2D2F-44F6-4E47-AE1F-3E0DE4C3E1D5}.Debug|x64.Build.0 = Debug|x64
		{3C2D2D2F-44F6-4E47-AE1F-3E0DE4C3E1D5}.Debug|x64.Deploy.0 = Debug|x64
		{3C2D2D2F-44F6-4E47-AE1F-3E0DE4C3E1D5}.Debug|x86.ActiveCfg = Debug|x86
		{3C2D2D2F-44F6-4E47-AE1F-3E0DE4C3E1D5}.Debug|x86.Build.0 = Debug|x86
		{3C2D2D2F-44F6-4E47-AE1F-3E0DE4C3E1D5}.Debug|x86.Deploy.0 = Debug|x86
		{3C2D2D2F-44F6-4E47-AE1F-3E0DE4C3E1D5}.Release|Any CPU.ActiveCfg = Release|x86
		{3C2D2D2F-44F6-4E47-AE1F-3E0DE4C3E1D5}.Release|ARM.ActiveCfg = Release|ARM
		{3C2D2D2F-44F6-4E47-AE1F-3E0DE4C3E1D5}.Release|ARM.Build.0 = Release|ARM
		{3C2D2D2F-44F6-4E47-AE1F-3E0DE4C3E1D5}.Release|ARM.Deploy.0 = Release|ARM
		{3C2D2D2F-44F6-4E47-AE1F-3E0DE4C3E1D5}.Release|iPhone.ActiveCfg = Release|x86
		{3C2D2D2F-44F6-4E47-AE1F-3E0DE4C3E1D5}.Release|iPhoneSimulator.ActiveCfg = Release|x86
		{3C2D2D2F-44F6-4E47-AE1F-3E0DE4C3E1D5}.Release|x64.ActiveCfg = Release|x64
		{3C2D2D2F-44F6-4E47-AE1F-3E0DE4C3E1D5}.Release|x64.Build.0 = Release|x64
		{3C2D2D2F-44F6-4E47-AE1F-3E0DE4C3E1D5}.Release|x64.Deploy.0 = Release|x64
		{3C2D2D2F-44F6-4E47-AE1F-3E0DE4C3E1D5}.Release|x86.ActiveCfg = Release|x86
		{3C2D2D2F-44F6-4E47-AE1F-3E0DE4C3E1D5}.Release|x86.Build.0 = Release|x86
		{3C2D2D2F-44F6-4E47-AE1F-3E0DE4C3E1D5}.Release|x86.Deploy.0 = Release|x86
		{7B416CA7-D003-48DC-B64E-FEEC06D990D3}.Ad-Hoc|Any CPU.ActiveCfg = Debug|Any CPU
		{7B416CA7-D003-48DC-B64E-FEEC06D990D3}.Ad-Hoc|Any CPU.Build.0 = Debug|Any CPU
		{7B416CA7-D003-48DC-B64E-FEEC06D990D3}.Ad-Hoc|ARM.ActiveCfg = Debug|Any CPU
		{7B416CA7-D003-48DC-B64E-FEEC06D990D3}.Ad-Hoc|ARM.Build.0 = Debug|Any CPU
		{7B416CA7-D003-48DC-B64E-FEEC06D990D3}.Ad-Hoc|iPhone.ActiveCfg = Debug|Any CPU
		{7B416CA7-D003-48DC-B64E-FEEC06D990D3}.Ad-Hoc|iPhone.Build.0 = Debug|Any CPU
		{7B416CA7-D003-48DC-B64E-FEEC06D990D3}.Ad-Hoc|iPhoneSimulator.ActiveCfg = Debug|Any CPU
		{7B416CA7-D003-48DC-B64E-FEEC06D990D3}.Ad-Hoc|iPhoneSimulator.Build.0 = Debug|Any CPU
		{7B416CA7-D003-48DC-B64E-FEEC06D990D3}.Ad-Hoc|x64.ActiveCfg = Debug|Any CPU
		{7B416CA7-D003-48DC-B64E-FEEC06D990D3}.Ad-Hoc|x64.Build.0 = Debug|Any CPU
		{7B416CA7-D003-48DC-B64E-FEEC06D990D3}.Ad-Hoc|x86.ActiveCfg = Debug|Any CPU
		{7B416CA7-D003-48DC-B64E-FEEC06D990D3}.Ad-Hoc|x86.Build.0 = Debug|Any CPU
		{7B416CA7-D003-48DC-B64E-FEEC06D990D3}.AppStore|Any CPU.ActiveCfg = Debug|Any CPU
		{7B416CA7-D003-48DC-B64E-FEEC06D990D3}.AppStore|Any CPU.Build.0 = Debug|Any CPU
		{7B416CA7-D003-48DC-B64E-FEEC06D990D3}.AppStore|ARM.ActiveCfg = Debug|Any CPU
		{7B416CA7-D003-48DC-B64E-FEEC06D990D3}.AppStore|ARM.Build.0 = Debug|Any CPU
		{7B416CA7-D003-48DC-B64E-FEEC06D990D3}.AppStore|iPhone.ActiveCfg = Debug|Any CPU
		{7B416CA7-D003-48DC-B64E-FEEC06D990D3}.AppStore|iPhone.Build.0 = Debug|Any CPU
		{7B416CA7-D003-48DC-B64E-FEEC06D990D3}.AppStore|iPhoneSimulator.ActiveCfg = Debug|Any CPU
		{7B416CA7-D003-48DC-B64E-FEEC06D990D3}.AppStore|iPhoneSimulator.Build.0 = Debug|Any CPU
		{7B416CA7-D003-48DC-B64E-FEEC06D990D3}.AppStore|x64.ActiveCfg = Debug|Any CPU
		{7B416CA7-D003-48DC-B64E-FEEC06D990D3}.AppStore|x64.Build.0 = Debug|Any CPU
		{7B416CA7-D003-48DC-B64E-FEEC06D990D3}.AppStore|x86.ActiveCfg = Debug|Any CPU
		{7B416CA7-D003-48DC-B64E-FEEC06D990D3}.AppStore|x86.Build.0 = Debug|Any CPU
		{7B416CA7-D003-48DC-B64E-FEEC06D990D3}.Debug|Any CPU.ActiveCfg = Debug|Any CPU
		{7B416CA7-D003-48DC-B64E-FEEC06D990D3}.Debug|Any CPU.Build.0 = Debug|Any CPU
		{7B416CA7-D003-48DC-B64E-FEEC06D990D3}.Debug|ARM.ActiveCfg = Debug|Any CPU
		{7B416CA7-D003-48DC-B64E-FEEC06D990D3}.Debug|ARM.Build.0 = Debug|Any CPU
		{7B416CA7-D003-48DC-B64E-FEEC06D990D3}.Debug|iPhone.ActiveCfg = Debug|Any CPU
		{7B416CA7-D003-48DC-B64E-FEEC06D990D3}.Debug|iPhone.Build.0 = Debug|Any CPU
		{7B416CA7-D003-48DC-B64E-FEEC06D990D3}.Debug|iPhoneSimulator.ActiveCfg = Debug|Any CPU
		{7B416CA7-D003-48DC-B64E-FEEC06D990D3}.Debug|iPhoneSimulator.Build.0 = Debug|Any CPU
		{7B416CA7-D003-48DC-B64E-FEEC06D990D3}.Debug|x64.ActiveCfg = Debug|Any CPU
		{7B416CA7-D003-48DC-B64E-FEEC06D990D3}.Debug|x64.Build.0 = Debug|Any CPU
		{7B416CA7-D003-48DC-B64E-FEEC06D990D3}.Debug|x86.ActiveCfg = Debug|Any CPU
		{7B416CA7-D003-48DC-B64E-FEEC06D990D3}.Debug|x86.Build.0 = Debug|Any CPU
		{7B416CA7-D003-48DC-B64E-FEEC06D990D3}.Release|Any CPU.ActiveCfg = Release|Any CPU
		{7B416CA7-D003-48DC-B64E-FEEC06D990D3}.Release|Any CPU.Build.0 = Release|Any CPU
		{7B416CA7-D003-48DC-B64E-FEEC06D990D3}.Release|ARM.ActiveCfg = Release|Any CPU
		{7B416CA7-D003-48DC-B64E-FEEC06D990D3}.Release|ARM.Build.0 = Release|Any CPU
		{7B416CA7-D003-48DC-B64E-FEEC06D990D3}.Release|iPhone.ActiveCfg = Release|Any CPU
		{7B416CA7-D003-48DC-B64E-FEEC06D990D3}.Release|iPhone.Build.0 = Release|Any CPU
		{7B416CA7-D003-48DC-B64E-FEEC06D990D3}.Release|iPhoneSimulator.ActiveCfg = Release|Any CPU
		{7B416CA7-D003-48DC-B64E-FEEC06D990D3}.Release|iPhoneSimulator.Build.0 = Release|Any CPU
		{7B416CA7-D003-48DC-B64E-FEEC06D990D3}.Release|x64.ActiveCfg = Release|Any CPU
		{7B416CA7-D003-48DC-B64E-FEEC06D990D3}.Release|x64.Build.0 = Release|Any CPU
		{7B416CA7-D003-48DC-B64E-FEEC06D990D3}.Release|x86.ActiveCfg = Release|Any CPU
		{7B416CA7-D003-48DC-B64E-FEEC06D990D3}.Release|x86.Build.0 = Release|Any CPU
	EndGlobalSection
	GlobalSection(SolutionProperties) = preSolution
		HideSolutionNode = FALSE
	EndGlobalSection
	GlobalSection(ExtensibilityGlobals) = postSolution
		SolutionGuid = {22B1408C-43B1-45C3-B10A-719F68D348C0}
	EndGlobalSection
EndGlobal
